{
  "name": "qdgeo",
  "version": "0.1.0",
  "lockfileVersion": 3,
  "requires": true,
  "packages": {
    "": {
      "name": "qdgeo",
      "version": "0.1.0",
      "license": "MIT",
      "devDependencies": {
        "@turf/buffer": "7.4.0",
        "@turf/union": "7.4.0",
        "@types/node": "^26.6.2",
        "jsts": "^2.12.1",
        "polyclip-ts": "0.16.8",
        "prettier": "3.9.6",
        "typescript": "^5.9.0"
      }
    },
    "node_modules/@turf/bbox": {
      "version": "7.4.0",
      "resolved": "https://registry.npmjs.org/@turf/bbox/-/bbox-7.4.0.tgz",
      "integrity": "sha512-yOX9lALc2GmjYUIE99+nRj7eZA7eDtx7Ixu/hrgIo+YqHvL1reaPVTC9rQWMHMm0pH0/WHjzk8uOpAHjptrudQ==",
      "dev": true,
      "license": "MIT",
      "dependencies": {
        "@turf/helpers": "7.4.0",
        "@turf/meta": "7.4.0",
        "@types/geojson": "^7946.0.10",
        "tslib": "^2.8.1"
      },
      "funding": {
        "url": "https://opencollective.com/turf"
      }
    },
    "node_modules/@turf/buffer": {
      "version": "7.4.0",
      "resolved": "https://registry.npmjs.org/@turf/buffer/-/buffer-7.4.0.tgz",
      "integrity": "sha512-ewYjC7NmmP+BZ8JcjX1TglzYH1FCMWAh5L08j0iAP4lbn3/AutVjjbwIXedZZy5He1OfgmXf+rIBcNXdeEYceg==",
      "dev": true,
      "license": "MIT",
      "dependencies": {
        "@turf/bbox": "7.4.0",
        "@turf/center": "7.4.0",
        "@turf/helpers": "7.4.0",
        "@turf/jsts": "^2.7.1",
        "@turf/meta": "7.4.0",
        "@turf/projection": "7.4.0",
        "@types/geojson": "^7946.0.10",
        "d3-geo": "^2.0.2",
        "tslib": "^2.8.1"
      },
      "funding": {
        "url": "https://opencollective.com/turf"
      }
    },
    "node_modules/@turf/center": {
      "version": "7.4.0",
      "resolved": "https://registry.npmjs.org/@turf/center/-/center-7.4.0.tgz",
      "integrity": "sha512-JVuTaIdnQtmTV8eQfVxqza1okKiaFzgVeIA6Xoy/u6aBMxg2+oBpS6GcHZkEqR8OapPWValB1AYYqimUSiyOXw==",
      "dev": true,
      "license": "MIT",
      "dependencies": {
        "@turf/bbox": "7.4.0",
        "@turf/helpers": "7.4.0",
        "@types/geojson": "^7946.0.10",
        "tslib": "^2.8.1"
      },
      "funding": {
        "url": "https://opencollective.com/turf"
      }
    },
    "node_modules/@turf/clone": {
      "version": "7.4.0",
      "resolved": "https://registry.npmjs.org/@turf/clone/-/clone-7.4.0.tgz",
      "integrity": "sha512-IfYnuil7XYJauy3crzIYEr26QkmBiTgFdGfYwUUe3S6dawX+lyb3vhuaYyssEPcCJq83g0G7hwxZy7141Mmzjg==",
      "dev": true,
      "license": "MIT",
      "dependencies": {
        "@turf/helpers": "7.4.0",
        "@types/geojson": "^7946.0.10",
        "tslib": "^2.8.1"
      },
      "funding": {
        "url": "https://opencollective.com/turf"
      }
    },
    "node_modules/@turf/helpers": {
      "version": "7.4.0",
      "resolved": "https://registry.npmjs.org/@turf/helpers/-/helpers-7.4.0.tgz",
      "integrity": "sha512-7PAwLZqOdRzTI5g9bHvUwlloAXPDH/mlajtryk0tw4ZwGMtmXsAyF4QundsAMfy4u48Fyd3AUqMXY0SMxqJGWg==",
      "dev": true,
      "license": "MIT",
      "dependencies": {
        "@types/geojson": "^7946.0.10",
        "tslib": "^2.8.1"
      },
      "funding": {
        "url": "https://opencollective.com/turf"
      }
    },
    "node_modules/@turf/jsts": {
      "version": "2.7.2",
      "resolved": "https://registry.npmjs.org/@turf/jsts/-/jsts-2.7.2.tgz",
      "integrity": "sha512-zAezGlwWHPyU0zxwcX2wQY3RkRpwuoBmhhNE9HY9kWhFDkCxZ3aWK5URKwa/SWKJbj9aztO+8vtdiBA28KVJFg==",
      "dev": true,
      "license": "(EDL-1.0 OR EPL-1.0)",
      "dependencies": {
        "jsts": "2.7.1"
      }
    },
    "node_modules/@turf/jsts/node_modules/jsts": {
      "version": "2.7.1",
      "resolved": "https://registry.npmjs.org/jsts/-/jsts-2.7.1.tgz",
      "integrity": "sha512-x2wSZHEBK20CY+Wy+BPE7MrFQHW6sIsdaGUMEqmGAio+3gFzQaBYPwLRonUfQf9Ak8pBieqj9tUofX1+WtAEIg==",
      "dev": true,
      "license": "(EDL-1.0 OR EPL-1.0)",
      "engines": {
        "node": ">= 12"
      }
    },
    "node_modules/@turf/meta": {
      "version": "7.4.0",
      "resolved": "https://registry.npmjs.org/@turf/meta/-/meta-7.4.0.tgz",
      "integrity": "sha512-3cLUvlEyDuSnMSzrjhaLAEiYR8xhbfWyTVQlrlEw40xL81d4KF4PqUWbjTXKpXZStdYbet2GCurl79KMypNw6g==",
      "dev": true,
      "license": "MIT",
      "dependencies": {
        "@turf/helpers": "7.4.0",
        "@types/geojson": "^7946.0.10",
        "tslib": "^2.8.1"
      },
      "funding": {
        "url": "https://opencollective.com/turf"
      }
    },
    "node_modules/@turf/projection": {
      "version": "7.4.0",
      "resolved": "https://registry.npmjs.org/@turf/projection/-/projection-7.4.0.tgz",
      "integrity": "sha512-ZS932qM+18V1UBvNlrNXUCD7mh9CzQqZzw/ElVtb0kAk6N00FYQ9bo26Cca08UZKXh3rZqG/e4eCK74JNGS4Zg==",
      "dev": true,
      "license": "MIT",
      "dependencies": {
        "@turf/clone": "7.4.0",
        "@turf/helpers": "7.4.0",
        "@turf/meta": "7.4.0",
        "@types/geojson": "^7946.0.10",
        "tslib": "^2.8.1"
      },
      "funding": {
        "url": "https://opencollective.com/turf"
      }
    },
    "node_modules/@turf/union": {
      "version": "7.4.0",
      "resolved": "https://registry.npmjs.org/@turf/union/-/union-7.4.0.tgz",
      "integrity": "sha512-SYVtsCW9IznTyKlcGWxssRrf90p/hdpch1UeIcZc31pkSVdmeLOyuzPx0ef3UPmaF//fgXAphMph6JWA/FpKbA==",
      "dev": true,
      "license": "MIT",
      "dependencies": {
        "@turf/helpers": "7.4.0",
        "@turf/meta": "7.4.0",
        "@types/geojson": "^7946.0.10",
        "polyclip-ts": "^0.16.8",
        "tslib": "^2.8.1"
      },
      "funding": {
        "url": "https://opencollective.com/turf"
      }
    },
    "node_modules/@types/geojson": {
      "version": "7946.0.16",
      "resolved": "https://registry.npmjs.org/@types/geojson/-/geojson-7946.0.16.tgz",
      "integrity": "sha512-6C8nqWur3j98U6+lXDfTUWIfgvZU+EumvpHKcYjujKH7woYyLj2sUmff0tRhrqM7BohUw7Pz3ZB1jj2gW9Fvmg==",
      "dev": true,
      "license": "MIT"
    },
    "node_modules/@types/node": {
      "version": "26.6.2",
      "resolved": "https://registry.npmjs.org/@types/node/-/node-26.6.2.tgz",
      "integrity": "sha512-X1P21scMv4zGKLYqjdGjaKa7COa0RKVYYZZN/NfvLQ1JegxFhdhpZG/Lyn8AXx6CDUavKAd11v6BvfpkDByK8g==",
      "dev": true,
      "license": "MIT",
      "dependencies": {
        "undici-types": "~8.9.0"
      }
    },
    "node_modules/bignumber.js": {
      "version": "9.3.1",
      "resolved": "https://registry.npmjs.org/bignumber.js/-/bignumber.js-9.3.1.tgz",
      "integrity": "sha512-Ko0uX15oIUS7wJ3Rb30Fs6SkVbLmPBAKdlm7q9+ak9bbIeFf0MwuBsQV6z7+X768/cHsfg+WlysDWJcmthjsjQ==",
      "dev": true,
      "license": "MIT",
      "engines": {
        "node": "*"
      }
    },
    "node_modules/d3-array": {
      "version": "2.12.1",
      "resolved": "https://registry.npmjs.org/d3-array/-/d3-array-2.12.1.tgz",
      "integrity": "sha512-B0ErZK/66mHtEsR1TkPEEkwdy+WDesimkM5gpZr5Dsg54BiTA5RXtYW5qTLIAcekaS9xfZrzBLF/OAkB3Qn1YQ==",
      "dev": true,
      "license": "BSD-3-Clause",
      "dependencies": {
        "internmap": "^1.0.0"
      }
    },
    "node_modules/d3-geo": {
      "version": "2.0.2",
      "resolved": "https://registry.npmjs.org/d3-geo/-/d3-geo-2.0.2.tgz",
      "integrity": "sha512-8pM1WGMLGFuhq9S+FpPURxic+gKzjluCD/CHTuUF3mXMeiCo0i6R0tO1s4+GArRFde96SLcW/kOFRjoAosPsFA==",
      "dev": true,
      "license": "BSD-3-Clause",
      "dependencies": {
        "d3-array": "^2.5.0"
      }
    },
    "node_modules/fastpriorityqueue": {
      "version": "0.7.5",
      "resolved": "https://registry.npmjs.org/fastpriorityqueue/-/fastpriorityqueue-0.7.5.tgz",
      "integrity": "sha512-3Pa0n9gwy8yIbEsT3m2j/E9DXgWvvjfiZjjqcJ+AdNKTAlVMIuFYrYG5Y3RHEM8O6cwv9hOpOWY/NaMfywoQVA==",
      "dev": true,
      "license": "Apache-2.0"
    },
    "node_modules/internmap": {
      "version": "1.0.1",
      "resolved": "https://registry.npmjs.org/internmap/-/internmap-1.0.1.tgz",
      "integrity": "sha512-lDB5YccMydFBtasVtxnZ3MRBHuaoE8GKsppq+EchKL2U4nK/DmEpPHNH8MZe5HkMtpSiTSOZwfN0tzYjO/lJEw==",
      "dev": true,
      "license": "ISC"
    },
    "node_modules/jsts": {
      "version": "2.12.1",
      "resolved": "https://registry.npmjs.org/jsts/-/jsts-2.12.1.tgz",
      "integrity": "sha512-aaiCZeGfeU5o9TbrYF1KF0VvhGGLtG3w7vNynmaTjC8XRmS2v15lq+2Bxa8lMtprsFFJiIpAayJZguLruiHd0w==",
      "dev": true,
      "license": "(EDL-1.0 OR EPL-1.0)",
      "dependencies": {
        "fastpriorityqueue": "^0.7.5"
      },
      "engines": {
        "node": ">= 18"
      }
    },
    "node_modules/polyclip-ts": {
      "version": "0.16.8",
      "resolved": "https://registry.npmjs.org/polyclip-ts/-/polyclip-ts-0.16.8.tgz",
      "integrity": "sha512-JPtKbDRuPEuAjuTdhR62Gph7Is2BS1Szx69CFOO3g71lpJDFo78k4tFyi+qFOMVPePEzdSKkpGU3NBXPHHjvKQ==",
      "dev": true,
      "license": "MIT",
      "dependencies": {
        "bignumber.js": "^9.1.0",
        "splaytree-ts": "^1.0.2"
      }
    },
    "node_modules/prettier": {
      "version": "3.9.6",
      "resolved": "https://registry.npmjs.org/prettier/-/prettier-3.9.6.tgz",
      "integrity": "sha512-OpN0zzVdiaiAhxpuuj5efpIS4sY9j7bY6uR5mnj5yPzGkdkjNKSJeUThPb60Jw29QuAZgA4o+/iB49kFiaBX6g==",
      "dev": true,
      "license": "MIT",
      "bin": {
        "prettier": "bin/prettier.cjs"
      },
      "engines": {
        "node": ">=14"
      },
      "funding": {
        "url": "https://github.com/prettier/prettier?sponsor=1"
      }
    },
    "node_modules/splaytree-ts": {
      "version": "1.0.2",
      "resolved": "https://registry.npmjs.org/splaytree-ts/-/splaytree-ts-1.0.2.tgz",
      "integrity": "sha512-0kGecIZNIReCSiznK3uheYB8sbstLjCZLiwcQwbmLhgHJj2gz6OnSPkVzJQCMnmEz1BQ4gPK59ylhBoEWOhGNA==",
      "dev": true,
      "license": "BDS-3-Clause"
    },
    "node_modules/tslib": {
      "version": "2.8.1",
      "resolved": "https://registry.npmjs.org/tslib/-/tslib-2.8.1.tgz",
      "integrity": "sha512-oJFu94HQb+KVduSUQL7wnpmqnfmLsOA/nAh6b6EH0wCEoK0/mPeXU6c3wKDV83MkOuHPRHtSXKKU99IBazS/2w==",
      "dev": true,
      "license": "0BSD"
    },
    "node_modules/typescript": {
      "version": "5.9.3",
      "resolved": "https://registry.npmjs.org/typescript/-/typescript-5.9.3.tgz",
      "integrity": "sha512-jl1vZzPDinLr9eUt3J/t7V6FgNEw9QjvBPdysz9KfQDD41fQrC2Y4vKQdiaUpFT4bXlb1RHhLpp8wtm6M5TgSw==",
      "dev": true,
      "license": "Apache-2.0",
      "bin": {
        "tsc": "bin/tsc",
        "tsserver": "bin/tsserver"
      },
      "engines": {
        "node": ">=14.17"
      }
    },
    "node_modules/undici-types": {
      "version": "8.9.0",
      "resolved": "https://registry.npmjs.org/undici-types/-/undici-types-8.9.0.tgz",
      "integrity": "sha512-KTDyRTYX8sWmKXAikPHHSyc63CRPETMctyjKFupcC6OBLXT3xsN0e9aF7m+mIXutFWpUXuedtowG7iLOzp0kQg==",
      "dev": true,
      "license": "MIT"
    }
  }
}
